
Microsoft Visual Studio Solution File, Format Version 12.00
# Visual Studio 15
VisualStudioVersion = 15.0.28010.2026
MinimumVisualStudioVersion = 10.0.40219.1
Project("{FAE04EC0-301F-11D3-BF4B-00C04F79EFBC}") = "Sarmizegetusa-Regia", "Sarmizegetusa-Regia\Sarmizegetusa-Regia.csproj", "{5C6CB07E-C75B-4F08-B6FD-A87108780234}"
EndProject
Global
	GlobalSection(SolutionConfigurationPlatforms) = preSolution
		Debug|Any CPU = Debug|Any CPU
		Release|Any CPU = Release|Any CPU
	EndGlobalSection
	GlobalSection(ProjectConfigurationPlatforms) = postSolution
		{5C6CB07E-C75B-4F08-B6FD-A87108780234}.Debug|Any CPU.ActiveCfg = Debug|Any CPU
		{5C6CB07E-C75B-4F08-B6FD-A87108780234}.Debug|Any CPU.Build.0 = Debug|Any CPU
		{5C6CB07E-C75B-4F08-B6FD-A87108780234}.Release|Any CPU.ActiveCfg = Release|Any CPU
		{5C6CB07E-C75B-4F08-B6FD-A87108780234}.Release|Any CPU.Build.0 = Release|Any CPU
	EndGlobalSection
	GlobalSection(SolutionProperties) = preSolution
		HideSolutionNode = FALSE
	EndGlobalSection
	GlobalSection(ExtensibilityGlobals) = postSolution
		SolutionGuid = {45D19CAC-7A42-463A-97B3-3BB2D670443D}
	EndGlobalSection
EndGlobal
